{
  "object": {
    "pins": [
      {
        "package": "ABSwiftKitExtension",
        "repositoryURL": "https://github.com/rushairer/ABSwiftKitExtension.git",
        "state": {
          "branch": null,
          "revision": "0ab0e4e3dcc164ef5f614436653ba4011598237f",
          "version": "0.1.1"
        }
      },
      {
        "package": "ASCollectionView",
        "repositoryURL": "https://github.com/apptekstudios/ASCollectionView.git",
        "state": {
          "branch": null,
          "revision": "4550cd5b5cfc3f437f8ff838939c6be21edfe992",
          "version": "1.7.1"
        }
      },
      {
        "package": "DifferenceKit",
        "repositoryURL": "https://github.com/ra1028/DifferenceKit",
        "state": {
          "branch": null,
          "revision": "14c66681e12a38b81045f44c6c29724a0d4b0e72",
          "version": "1.1.5"
        }
      }
    ]
  },
  "version": 1
}
